
Microsoft Visual Studio Solution File, Format Version 12.00
# Visual Studio Version 17
VisualStudioVersion = 17.11.35327.3
MinimumVisualStudioVersion = 10.0.40219.1
Project("{9A19103F-16F7-4668-BE54-9A1E7A4F7556}") = "MobileMallWebApi", "MobileMallWebApi\MobileMallWebApi.csproj", "{565A4703-8B09-49CF-90E6-8E6CF1722066}"
EndProject
Project("{FAE04EC0-301F-11D3-BF4B-00C04F79EFBC}") = "MobileMallDB", "MobileMallDB\MobileMallDB.csproj", "{9AC0523A-B786-4C7D-859F-FA2B1FDBA984}"
EndProject
Global
	GlobalSection(SolutionConfigurationPlatforms) = preSolution
		Debug|Any CPU = Debug|Any CPU
		Release|Any CPU = Release|Any CPU
	EndGlobalSection
	GlobalSection(ProjectConfigurationPlatforms) = postSolution
		{565A4703-8B09-49CF-90E6-8E6CF1722066}.Debug|Any CPU.ActiveCfg = Debug|Any CPU
		{565A4703-8B09-49CF-90E6-8E6CF1722066}.Debug|Any CPU.Build.0 = Debug|Any CPU
		{565A4703-8B09-49CF-90E6-8E6CF1722066}.Release|Any CPU.ActiveCfg = Release|Any CPU
		{565A4703-8B09-49CF-90E6-8E6CF1722066}.Release|Any CPU.Build.0 = Release|Any CPU
		{9AC0523A-B786-4C7D-859F-FA2B1FDBA984}.Debug|Any CPU.ActiveCfg = Debug|Any CPU
		{9AC0523A-B786-4C7D-859F-FA2B1FDBA984}.Debug|Any CPU.Build.0 = Debug|Any CPU
		{9AC0523A-B786-4C7D-859F-FA2B1FDBA984}.Release|Any CPU.ActiveCfg = Release|Any CPU
		{9AC0523A-B786-4C7D-859F-FA2B1FDBA984}.Release|Any CPU.Build.0 = Release|Any CPU
	EndGlobalSection
	GlobalSection(SolutionProperties) = preSolution
		HideSolutionNode = FALSE
	EndGlobalSection
	GlobalSection(ExtensibilityGlobals) = postSolution
		SolutionGuid = {32B505A9-6544-495F-84BA-E5A9F69E4C6E}
	EndGlobalSection
EndGlobal
